
Microsoft Visual Studio Solution File, Format Version 12.00
# Visual Studio Version 17
VisualStudioVersion = 17.8.34330.188
MinimumVisualStudioVersion = 10.0.40219.1
Project("{8BC9CEB8-8B4A-11D0-8D11-00A0C91BC942}") = "updatedV1.0", "updatedV1.0.vcxproj", "{87338DFC-0A71-49D1-84B1-06D21388B2D0}"
EndProject
Global
	GlobalSection(SolutionConfigurationPlatforms) = preSolution
		Debug|x64 = Debug|x64
		Debug|x86 = Debug|x86
		Release|x64 = Release|x64
		Release|x86 = Release|x86
	EndGlobalSection
	GlobalSection(ProjectConfigurationPlatforms) = postSolution
		{87338DFC-0A71-49D1-84B1-06D21388B2D0}.Debug|x64.ActiveCfg = Debug|x64
		{87338DFC-0A71-49D1-84B1-06D21388B2D0}.Debug|x64.Build.0 = Debug|x64
		{87338DFC-0A71-49D1-84B1-06D21388B2D0}.Debug|x86.ActiveCfg = Debug|Win32
		{87338DFC-0A71-49D1-84B1-06D21388B2D0}.Debug|x86.Build.0 = Debug|Win32
		{87338DFC-0A71-49D1-84B1-06D21388B2D0}.Release|x64.ActiveCfg = Release|x64
		{87338DFC-0A71-49D1-84B1-06D21388B2D0}.Release|x64.Build.0 = Release|x64
		{87338DFC-0A71-49D1-84B1-06D21388B2D0}.Release|x86.ActiveCfg = Release|Win32
		{87338DFC-0A71-49D1-84B1-06D21388B2D0}.Release|x86.Build.0 = Release|Win32
	EndGlobalSection
	GlobalSection(SolutionProperties) = preSolution
		HideSolutionNode = FALSE
	EndGlobalSection
	GlobalSection(ExtensibilityGlobals) = postSolution
		SolutionGuid = {9AD7F68F-CF97-42D0-B621-2B31FC8B61AE}
	EndGlobalSection
EndGlobal
